
Microsoft Visual Studio Solution File, Format Version 12.00
# Visual Studio Version 17
VisualStudioVersion = 17.6.33829.357
MinimumVisualStudioVersion = 10.0.40219.1
Project("{FAE04EC0-301F-11D3-BF4B-00C04F79EFBC}") = "IzmSurvey", "IzmSurvey\IzmSurvey.csproj", "{BEDC7486-7865-4F3F-9569-C0DC1AF096F7}"
EndProject
Global
	GlobalSection(SolutionConfigurationPlatforms) = preSolution
		Debug|Any CPU = Debug|Any CPU
		Release|Any CPU = Release|Any CPU
	EndGlobalSection
	GlobalSection(ProjectConfigurationPlatforms) = postSolution
		{BEDC7486-7865-4F3F-9569-C0DC1AF096F7}.Debug|Any CPU.ActiveCfg = Debug|Any CPU
		{BEDC7486-7865-4F3F-9569-C0DC1AF096F7}.Debug|Any CPU.Build.0 = Debug|Any CPU
		{BEDC7486-7865-4F3F-9569-C0DC1AF096F7}.Release|Any CPU.ActiveCfg = Release|Any CPU
		{BEDC7486-7865-4F3F-9569-C0DC1AF096F7}.Release|Any CPU.Build.0 = Release|Any CPU
	EndGlobalSection
	GlobalSection(SolutionProperties) = preSolution
		HideSolutionNode = FALSE
	EndGlobalSection
	GlobalSection(ExtensibilityGlobals) = postSolution
		SolutionGuid = {523B4DEF-D3AF-4380-BC98-8A153625F3D6}
	EndGlobalSection
EndGlobal
